
Microsoft Visual Studio Solution File, Format Version 12.00
# Visual Studio Version 17
VisualStudioVersion = 17.14.36414.22
MinimumVisualStudioVersion = 10.0.40219.1
Project("{2150E333-8FDC-42A3-9474-1A3956D46DE8}") = "Adapters", "Adapters", "{02EA681E-C7D8-13C7-8484-4AC65E1B71E8}"
EndProject
Project("{2150E333-8FDC-42A3-9474-1A3956D46DE8}") = "Core", "Core", "{0D4B12AD-1D00-42D6-8CAC-D626E790782F}"
EndProject
Project("{FAE04EC0-301F-11D3-BF4B-00C04F79EFBC}") = "API", "API\API.csproj", "{5CA13BAA-A371-4CBD-B252-74749BBAE612}"
EndProject
Project("{FAE04EC0-301F-11D3-BF4B-00C04F79EFBC}") = "Domain", "Domain\Domain.csproj", "{2A9163D3-E82F-4520-B93D-900DA93822E1}"
EndProject
Project("{FAE04EC0-301F-11D3-BF4B-00C04F79EFBC}") = "Infraestructure", "Infraestructure\Infraestructure.csproj", "{C71BB671-3751-4912-A41B-282CC408EF67}"
EndProject
Project("{FAE04EC0-301F-11D3-BF4B-00C04F79EFBC}") = "Application", "Application\Application.csproj", "{0D9EEC49-267A-4C0F-B9BB-B9B8F37B9A43}"
EndProject
Project("{2150E333-8FDC-42A3-9474-1A3956D46DE8}") = "Tests", "Tests", "{7D2F370E-5E58-4102-B970-D25F0A769D85}"
EndProject
Project("{FAE04EC0-301F-11D3-BF4B-00C04F79EFBC}") = "Domain.Tests", "Domain.Tests\Domain.Tests.csproj", "{641EF5E5-6875-4262-99EA-7AEB3F3CE408}"
EndProject
Project("{54A90642-561A-4BB1-A94E-469ADEE60C69}") = "Web", "Web\Web.esproj", "{7D128133-D57F-C939-CFF4-334A9B8DF362}"
EndProject
Global
	GlobalSection(SolutionConfigurationPlatforms) = preSolution
		Debug|Any CPU = Debug|Any CPU
		Release|Any CPU = Release|Any CPU
	EndGlobalSection
	GlobalSection(ProjectConfigurationPlatforms) = postSolution
		{5CA13BAA-A371-4CBD-B252-74749BBAE612}.Debug|Any CPU.ActiveCfg = Debug|Any CPU
		{5CA13BAA-A371-4CBD-B252-74749BBAE612}.Debug|Any CPU.Build.0 = Debug|Any CPU
		{5CA13BAA-A371-4CBD-B252-74749BBAE612}.Release|Any CPU.ActiveCfg = Release|Any CPU
		{5CA13BAA-A371-4CBD-B252-74749BBAE612}.Release|Any CPU.Build.0 = Release|Any CPU
		{2A9163D3-E82F-4520-B93D-900DA93822E1}.Debug|Any CPU.ActiveCfg = Debug|Any CPU
		{2A9163D3-E82F-4520-B93D-900DA93822E1}.Debug|Any CPU.Build.0 = Debug|Any CPU
		{2A9163D3-E82F-4520-B93D-900DA93822E1}.Release|Any CPU.ActiveCfg = Release|Any CPU
		{2A9163D3-E82F-4520-B93D-900DA93822E1}.Release|Any CPU.Build.0 = Release|Any CPU
		{C71BB671-3751-4912-A41B-282CC408EF67}.Debug|Any CPU.ActiveCfg = Debug|Any CPU
		{C71BB671-3751-4912-A41B-282CC408EF67}.Debug|Any CPU.Build.0 = Debug|Any CPU
		{C71BB671-3751-4912-A41B-282CC408EF67}.Release|Any CPU.ActiveCfg = Release|Any CPU
		{C71BB671-3751-4912-A41B-282CC408EF67}.Release|Any CPU.Build.0 = Release|Any CPU
		{0D9EEC49-267A-4C0F-B9BB-B9B8F37B9A43}.Debug|Any CPU.ActiveCfg = Debug|Any CPU
		{0D9EEC49-267A-4C0F-B9BB-B9B8F37B9A43}.Debug|Any CPU.Build.0 = Debug|Any CPU
		{0D9EEC49-267A-4C0F-B9BB-B9B8F37B9A43}.Release|Any CPU.ActiveCfg = Release|Any CPU
		{0D9EEC49-267A-4C0F-B9BB-B9B8F37B9A43}.Release|Any CPU.Build.0 = Release|Any CPU
		{641EF5E5-6875-4262-99EA-7AEB3F3CE408}.Debug|Any CPU.ActiveCfg = Debug|Any CPU
		{641EF5E5-6875-4262-99EA-7AEB3F3CE408}.Debug|Any CPU.Build.0 = Debug|Any CPU
		{641EF5E5-6875-4262-99EA-7AEB3F3CE408}.Release|Any CPU.ActiveCfg = Release|Any CPU
		{641EF5E5-6875-4262-99EA-7AEB3F3CE408}.Release|Any CPU.Build.0 = Release|Any CPU
		{7D128133-D57F-C939-CFF4-334A9B8DF362}.Debug|Any CPU.ActiveCfg = Debug|Any CPU
		{7D128133-D57F-C939-CFF4-334A9B8DF362}.Debug|Any CPU.Build.0 = Debug|Any CPU
		{7D128133-D57F-C939-CFF4-334A9B8DF362}.Debug|Any CPU.Deploy.0 = Debug|Any CPU
		{7D128133-D57F-C939-CFF4-334A9B8DF362}.Release|Any CPU.ActiveCfg = Release|Any CPU
		{7D128133-D57F-C939-CFF4-334A9B8DF362}.Release|Any CPU.Build.0 = Release|Any CPU
		{7D128133-D57F-C939-CFF4-334A9B8DF362}.Release|Any CPU.Deploy.0 = Release|Any CPU
	EndGlobalSection
	GlobalSection(SolutionProperties) = preSolution
		HideSolutionNode = FALSE
	EndGlobalSection
	GlobalSection(NestedProjects) = preSolution
		{5CA13BAA-A371-4CBD-B252-74749BBAE612} = {02EA681E-C7D8-13C7-8484-4AC65E1B71E8}
		{2A9163D3-E82F-4520-B93D-900DA93822E1} = {0D4B12AD-1D00-42D6-8CAC-D626E790782F}
		{C71BB671-3751-4912-A41B-282CC408EF67} = {02EA681E-C7D8-13C7-8484-4AC65E1B71E8}
		{0D9EEC49-267A-4C0F-B9BB-B9B8F37B9A43} = {0D4B12AD-1D00-42D6-8CAC-D626E790782F}
		{641EF5E5-6875-4262-99EA-7AEB3F3CE408} = {7D2F370E-5E58-4102-B970-D25F0A769D85}
	EndGlobalSection
	GlobalSection(ExtensibilityGlobals) = postSolution
		SolutionGuid = {F9B8FAB5-3412-4BE5-AC9B-DE8D3AC46AA4}
	EndGlobalSection
EndGlobal
